<?xml version="1.0" encoding="utf-8"?>
<Project ToolsVersion="4.0" xmlns="http://schemas.microsoft.com/developer/msbuild/2003">
  <ItemGroup>
    <Filter Include="Source Files">
      <UniqueIdentifier>{4FC737F1-C7A5-4376-A066-2A32D752A2FF}</UniqueIdentifier>
      <Extensions>cpp;c;cc;cxx;def;odl;idl;hpj;bat;asm;asmx</Extensions>
    </Filter>
    <Filter Include="Header Files">
      <UniqueIdentifier>{93995380-89BD-4b04-88EB-625FBE52EBFB}</UniqueIdentifier>
      <Extensions>h;hh;hpp;hxx;hm;inl;inc;ipp;xsd</Extensions>
    </Filter>
    <Filter Include="Resource Files">
      <UniqueIdentifier>{67DA6AB6-F800-4c08-8B7A-83BB121AAD01}</UniqueIdentifier>
      <Extensions>rc;ico;cur;bmp;dlg;rc2;rct;bin;rgs;gif;jpg;jpeg;jpe;resx;tiff;tif;png;wav;mfcribbon-ms</Extensions>
    </Filter>
  </ItemGroup>
  <ItemGroup>
    <ClCompile Include="agsbox2d.cpp">
      <Filter>Source Files</Filter>
    </ClCompile>
    <ClCompile Include="Box2D.cpp">
      <Filter>Source Files</Filter>
    </ClCompile>
    <ClCompile Include="AgsWorld.cpp">
      <Filter>Source Files</Filter>
    </ClCompile>
    <ClCompile Include="AgsBody.cpp">
      <Filter>Source Files</Filter>
    </ClCompile>
    <ClCompile Include="AgsShape.cpp">
      <Filter>Source Files</Filter>
    </ClCompile>
    <ClCompile Include="AgsShapeCircle.cpp">
      <Filter>Source Files</Filter>
    </ClCompile>
    <ClCompile Include="AgsShapeRect.cpp">
      <Filter>Source Files</Filter>
    </ClCompile>
    <ClCompile Include="Scale.cpp">
      <Filter>Source Files</Filter>
    </ClCompile>
    <ClCompile Include="AgsFixture.cpp">
      <Filter>Source Files</Filter>
    </ClCompile>
    <ClCompile Include="Book.cpp">
      <Filter>Source Files</Filter>
    </ClCompile>
    <ClCompile Include="SerialHelper.cpp">
      <Filter>Source Files</Filter>
    </ClCompile>
    <ClCompile Include="DebugDraw.cpp">
      <Filter>Source Files</Filter>
    </ClCompile>
    <ClCompile Include="AgsJoint.cpp">
      <Filter>Source Files</Filter>
    </ClCompile>
    <ClCompile Include="AgsJointDistance.cpp">
      <Filter>Source Files</Filter>
    </ClCompile>
    <ClCompile Include="AgsJointMotor.cpp">
      <Filter>Source Files</Filter>
    </ClCompile>
    <ClCompile Include="AgsJointMouse.cpp">
      <Filter>Source Files</Filter>
    </ClCompile>
    <ClCompile Include="AgsJointPulley.cpp">
      <Filter>Source Files</Filter>
    </ClCompile>
    <ClCompile Include="PointF.cpp">
      <Filter>Source Files</Filter>
    </ClCompile>
  </ItemGroup>
  <ItemGroup>
    <ClInclude Include="agsbox2d.h">
      <Filter>Header Files</Filter>
    </ClInclude>
    <ClInclude Include="Box2D.h">
      <Filter>Header Files</Filter>
    </ClInclude>
    <ClInclude Include="AgsWorld.h">
      <Filter>Header Files</Filter>
    </ClInclude>
    <ClInclude Include="AgsBody.h">
      <Filter>Header Files</Filter>
    </ClInclude>
    <ClInclude Include="AgsShape.h">
      <Filter>Header Files</Filter>
    </ClInclude>
    <ClInclude Include="AgsShapeCircle.h">
      <Filter>Header Files</Filter>
    </ClInclude>
    <ClInclude Include="AgsShapeRect.h">
      <Filter>Header Files</Filter>
    </ClInclude>
    <ClInclude Include="Scale.h">
      <Filter>Header Files</Filter>
    </ClInclude>
    <ClInclude Include="AgsNumberInterface.h">
      <Filter>Header Files</Filter>
    </ClInclude>
    <ClInclude Include="AgsFixture.h">
      <Filter>Header Files</Filter>
    </ClInclude>
    <ClInclude Include="Book.h">
      <Filter>Header Files</Filter>
    </ClInclude>
    <ClInclude Include="SerialHelper.h">
      <Filter>Header Files</Filter>
    </ClInclude>
    <ClInclude Include="DebugDraw.h">
      <Filter>Header Files</Filter>
    </ClInclude>
    <ClInclude Include="AgsJoint.h">
      <Filter>Header Files</Filter>
    </ClInclude>
    <ClInclude Include="AgsJointMouse.h">
      <Filter>Header Files</Filter>
    </ClInclude>
    <ClInclude Include="AgsJointDistance.h">
      <Filter>Header Files</Filter>
    </ClInclude>
    <ClInclude Include="AgsJointPulley.h">
      <Filter>Header Files</Filter>
    </ClInclude>
    <ClInclude Include="AgsJointMotor.h">
      <Filter>Header Files</Filter>
    </ClInclude>
    <ClInclude Include="PointF.h">
      <Filter>Header Files</Filter>
    </ClInclude>
  </ItemGroup>
</Project>